
Microsoft Visual Studio Solution File, Format Version 12.00
# Visual Studio Version 17
VisualStudioVersion = 17.13.35931.197 d17.13
MinimumVisualStudioVersion = 10.0.40219.1
Project("{FAE04EC0-301F-11D3-BF4B-00C04F79EFBC}") = "AV05", "AV05.csproj", "{402337C4-562F-4DBC-ABBC-26C229DD6398}"
EndProject
Global
	GlobalSection(SolutionConfigurationPlatforms) = preSolution
		Debug|Any CPU = Debug|Any CPU
		Release|Any CPU = Release|Any CPU
	EndGlobalSection
	GlobalSection(ProjectConfigurationPlatforms) = postSolution
		{402337C4-562F-4DBC-ABBC-26C229DD6398}.Debug|Any CPU.ActiveCfg = Debug|Any CPU
		{402337C4-562F-4DBC-ABBC-26C229DD6398}.Debug|Any CPU.Build.0 = Debug|Any CPU
		{402337C4-562F-4DBC-ABBC-26C229DD6398}.Release|Any CPU.ActiveCfg = Release|Any CPU
		{402337C4-562F-4DBC-ABBC-26C229DD6398}.Release|Any CPU.Build.0 = Release|Any CPU
	EndGlobalSection
	GlobalSection(SolutionProperties) = preSolution
		HideSolutionNode = FALSE
	EndGlobalSection
	GlobalSection(ExtensibilityGlobals) = postSolution
		SolutionGuid = {45C80D18-B80B-4093-A339-C5F890511280}
	EndGlobalSection
EndGlobal
