
Microsoft Visual Studio Solution File, Format Version 12.00
# Visual Studio Version 17
VisualStudioVersion = 17.13.35931.197 d17.13
MinimumVisualStudioVersion = 10.0.40219.1
Project("{FAE04EC0-301F-11D3-BF4B-00C04F79EFBC}") = "AV04", "AV04.csproj", "{BAAC8C3A-34DD-4C91-8FAD-E0F3CA843398}"
EndProject
Global
	GlobalSection(SolutionConfigurationPlatforms) = preSolution
		Debug|Any CPU = Debug|Any CPU
		Release|Any CPU = Release|Any CPU
	EndGlobalSection
	GlobalSection(ProjectConfigurationPlatforms) = postSolution
		{BAAC8C3A-34DD-4C91-8FAD-E0F3CA843398}.Debug|Any CPU.ActiveCfg = Debug|Any CPU
		{BAAC8C3A-34DD-4C91-8FAD-E0F3CA843398}.Debug|Any CPU.Build.0 = Debug|Any CPU
		{BAAC8C3A-34DD-4C91-8FAD-E0F3CA843398}.Release|Any CPU.ActiveCfg = Release|Any CPU
		{BAAC8C3A-34DD-4C91-8FAD-E0F3CA843398}.Release|Any CPU.Build.0 = Release|Any CPU
	EndGlobalSection
	GlobalSection(SolutionProperties) = preSolution
		HideSolutionNode = FALSE
	EndGlobalSection
	GlobalSection(ExtensibilityGlobals) = postSolution
		SolutionGuid = {B83FC933-B1AD-42EA-B5CF-F3D7AE61FEF1}
	EndGlobalSection
EndGlobal
