
Microsoft Visual Studio Solution File, Format Version 12.00
# Visual Studio Version 17
VisualStudioVersion = 17.13.35913.81 d17.13
MinimumVisualStudioVersion = 10.0.40219.1
Project("{FAE04EC0-301F-11D3-BF4B-00C04F79EFBC}") = "AV03", "AV03.csproj", "{DC6A7362-B93C-46C3-A888-329191650065}"
EndProject
Global
	GlobalSection(SolutionConfigurationPlatforms) = preSolution
		Debug|Any CPU = Debug|Any CPU
		Release|Any CPU = Release|Any CPU
	EndGlobalSection
	GlobalSection(ProjectConfigurationPlatforms) = postSolution
		{DC6A7362-B93C-46C3-A888-329191650065}.Debug|Any CPU.ActiveCfg = Debug|Any CPU
		{DC6A7362-B93C-46C3-A888-329191650065}.Debug|Any CPU.Build.0 = Debug|Any CPU
		{DC6A7362-B93C-46C3-A888-329191650065}.Release|Any CPU.ActiveCfg = Release|Any CPU
		{DC6A7362-B93C-46C3-A888-329191650065}.Release|Any CPU.Build.0 = Release|Any CPU
	EndGlobalSection
	GlobalSection(SolutionProperties) = preSolution
		HideSolutionNode = FALSE
	EndGlobalSection
	GlobalSection(ExtensibilityGlobals) = postSolution
		SolutionGuid = {C5F139FD-A838-49AE-B8A5-DDDC19A423C0}
	EndGlobalSection
EndGlobal
